// !$*UTF8*$!
{
	archiveVersion = 1;
	classes = {
	};
	objectVersion = 46;
	objects = {

/* Begin PBXBuildFile section */
		18B3D5641DFCE01900AEDC30 /* main.m in Sources */ = {isa = PBXBuildFile; fileRef = 18B3D5631DFCE01900AEDC30 /* main.m */; };
		18B3D5671DFCE01900AEDC30 /* AppDelegate.m in Sources */ = {isa = PBXBuildFile; fileRef = 18B3D5661DFCE01900AEDC30 /* AppDelegate.m */; };
		18B3D56A1DFCE01900AEDC30 /* ViewController.m in Sources */ = {isa = PBXBuildFile; fileRef = 18B3D5691DFCE01900AEDC30 /* ViewController.m */; };
		18B3D56D1DFCE01A00AEDC30 /* Main.storyboard in Resources */ = {isa = PBXBuildFile; fileRef = 18B3D56B1DFCE01A00AEDC30 /* Main.storyboard */; };
		18B3D56F1DFCE01A00AEDC30 /* Assets.xcassets in Resources */ = {isa = PBXBuildFile; fileRef = 18B3D56E1DFCE01A00AEDC30 /* Assets.xcassets */; };
		18B3D5721DFCE01A00AEDC30 /* LaunchScreen.storyboard in Resources */ = {isa = PBXBuildFile; fileRef = 18B3D5701DFCE01A00AEDC30 /* LaunchScreen.storyboard */; };
		18B3D57A1DFCF25300AEDC30 /* img.jpg in Resources */ = {isa = PBXBuildFile; fileRef = 18B3D5791DFCF25300AEDC30 /* img.jpg */; };
/* End PBXBuildFile section */

/* Begin PBXFileReference section */
		18B3D55F1DFCE01900AEDC30 /* L02HelloObjC.app */ = {isa = PBXFileReference; explicitFileType = wrapper.application; includeInIndex = 0; path = L02HelloObjC.app; sourceTree = BUILT_PRODUCTS_DIR; };
		18B3D5631DFCE01900AEDC30 /* main.m */ = {isa = PBXFileReference; lastKnownFileType = sourcecode.c.objc; path = main.m; sourceTree = "<group>"; };
		18B3D5651DFCE01900AEDC30 /* AppDelegate.h */ = {isa = PBXFileReference; lastKnownFileType = sourcecode.c.h; path = AppDelegate.h; sourceTree = "<group>"; };
		18B3D5661DFCE01900AEDC30 /* AppDelegate.m */ = {isa = PBXFileReference; lastKnownFileType = sourcecode.c.objc; path = AppDelegate.m; sourceTree = "<group>"; };
		18B3D5681DFCE01900AEDC30 /* ViewController.h */ = {isa = PBXFileReference; lastKnownFileType = sourcecode.c.h; path = ViewController.h; sourceTree = "<group>"; };
		18B3D5691DFCE01900AEDC30 /* ViewController.m */ = {isa = PBXFileReference; lastKnownFileType = sourcecode.c.objc; path = ViewController.m; sourceTree = "<group>"; };
		18B3D56C1DFCE01A00AEDC30 /* Base */ = {isa = PBXFileReference; lastKnownFileType = file.storyboard; name = Base; path = Base.lproj/Main.storyboard; sourceTree = "<group>"; };
		18B3D56E1DFCE01A00AEDC30 /* Assets.xcassets */ = {isa = PBXFileReference; lastKnownFileType = folder.assetcatalog; path = Assets.xcassets; sourceTree = "<group>"; };
		18B3D5711DFCE01A00AEDC30 /* Base */ = {isa = PBXFileReference; lastKnownFileType = file.storyboard; name = Base; path = Base.lproj/LaunchScreen.storyboard; sourceTree = "<group>"; };
		18B3D5731DFCE01A00AEDC30 /* Info.plist */ = {isa = PBXFileReference; lastKnownFileType = text.plist.xml; path = Info.plist; sourceTree = "<group>"; };
		18B3D5791DFCF25300AEDC30 /* img.jpg */ = {isa = PBXFileReference; lastKnownFileType = image.jpeg; path = img.jpg; sourceTree = "<group>"; };
/* End PBXFileReference section */

/* Begin PBXFrameworksBuildPhase section */
		18B3D55C1DFCE01900AEDC30 /* Frameworks */ = {
			isa = PBXFrameworksBuildPhase;
			buildActionMask = 2147483647;
			files = (
			);
			runOnlyForDeploymentPostprocessing = 0;
		};
/* End PBXFrameworksBuildPhase section */

/* Begin PBXGroup section */
		18B3D5561DFCE01900AEDC30 = {
			isa = PBXGroup;
			children = (
				18B3D5611DFCE01900AEDC30 /* L02HelloObjC */,
				18B3D5601DFCE01900AEDC30 /* Products */,
			);
			sourceTree = "<group>";
		};
		18B3D5601DFCE01900AEDC30 /* Products */ = {
			isa = PBXGroup;
			children = (
				18B3D55F1DFCE01900AEDC30 /* L02HelloObjC.app */,
			);
			name = Products;
			sourceTree = "<group>";
		};
		18B3D5611DFCE01900AEDC30 /* L02HelloObjC */ = {
			isa = PBXGroup;
			children = (
				18B3D5651DFCE01900AEDC30 /* AppDelegate.h */,
				18B3D5661DFCE01900AEDC30 /* AppDelegate.m */,
				18B3D5681DFCE01900AEDC30 /* ViewController.h */,
				18B3D5691DFCE01900AEDC30 /* ViewController.m */,
				18B3D56B1DFCE01A00AEDC30 /* Main.storyboard */,
				18B3D56E1DFCE01A00AEDC30 /* Assets.xcassets */,
				18B3D5701DFCE01A00AEDC30 /* LaunchScreen.storyboard */,
				18B3D5731DFCE01A00AEDC30 /* Info.plist */,
				18B3D5621DFCE01900AEDC30 /* Supporting Files */,
			);
			path = L02HelloObjC;
			sourceTree = "<group>";
		};
		18B3D5621DFCE01900AEDC30 /* Supporting Files */ = {
			isa = PBXGroup;
			children = (
				18B3D5791DFCF25300AEDC30 /* img.jpg */,
				18B3D5631DFCE01900AEDC30 /* main.m */,
			);
			name = "Supporting Files";
			sourceTree = "<group>";
		};
/* End PBXGroup section */

/* Begin PBXNativeTarget section */
		18B3D55E1DFCE01900AEDC30 /* L02HelloObjC */ = {
			isa = PBXNativeTarget;
			buildConfigurationList = 18B3D5761DFCE01A00AEDC30 /* Build configuration list for PBXNativeTarget "L02HelloObjC" */;
			buildPhases = (
				18B3D55B1DFCE01900AEDC30 /* Sources */,
				18B3D55C1DFCE01900AEDC30 /* Frameworks */,
				18B3D55D1DFCE01900AEDC30 /* Resources */,
			);
			buildRules = (
			);
			dependencies = (
			);
			name = L02HelloObjC;
			productName = L02HelloObjC;
			productReference = 18B3D55F1DFCE01900AEDC30 /* L02HelloObjC.app */;
			productType = "com.apple.product-type.application";
		};
/* End PBXNativeTarget section */

/* Begin PBXProject section */
		18B3D5571DFCE01900AEDC30 /* Project object */ = {
			isa = PBXProject;
			attributes = {
				LastUpgradeCheck = 0810;
				ORGANIZATIONNAME = plters;
				TargetAttributes = {
					18B3D55E1DFCE01900AEDC30 = {
						CreatedOnToolsVersion = 8.1;
						ProvisioningStyle = Automatic;
					};
				};
			};
			buildConfigurationList = 18B3D55A1DFCE01900AEDC30 /* Build configuration list for PBXProject "L02HelloObjC" */;
			compatibilityVersion = "Xcode 3.2";
			developmentRegion = English;
			hasScannedForEncodings = 0;
			knownRegions = (
				en,
				Base,
			);
			mainGroup = 18B3D5561DFCE01900AEDC30;
			productRefGroup = 18B3D5601DFCE01900AEDC30 /* Products */;
			projectDirPath = "";
			projectRoot = "";
			targets = (
				18B3D55E1DFCE01900AEDC30 /* L02HelloObjC */,
			);
		};
/* End PBXProject section */

/* Begin PBXResourcesBuildPhase section */
		18B3D55D1DFCE01900AEDC30 /* Resources */ = {
			isa = PBXResourcesBuildPhase;
			buildActionMask = 2147483647;
			files = (
				18B3D5721DFCE01A00AEDC30 /* LaunchScreen.storyboard in Resources */,
				18B3D56F1DFCE01A00AEDC30 /* Assets.xcassets in Resources */,
				18B3D56D1DFCE01A00AEDC30 /* Main.storyboard in Resources */,
				18B3D57A1DFCF25300AEDC30 /* img.jpg in Resources */,
			);
			runOnlyForDeploymentPostprocessing = 0;
		};
/* End PBXResourcesBuildPhase section */

/* Begin PBXSourcesBuildPhase section */
		18B3D55B1DFCE01900AEDC30 /* Sources */ = {
			isa = PBXSourcesBuildPhase;
			buildActionMask = 2147483647;
			files = (
				18B3D56A1DFCE01900AEDC30 /* ViewController.m in Sources */,
				18B3D5671DFCE01900AEDC30 /* AppDelegate.m in Sources */,
				18B3D5641DFCE01900AEDC30 /* main.m in Sources */,
			);
			runOnlyForDeploymentPostprocessing = 0;
		};
/* End PBXSourcesBuildPhase section */

/* Begin PBXVariantGroup section */
		18B3D56B1DFCE01A00AEDC30 /* Main.storyboard */ = {
			isa = PBXVariantGroup;
			children = (
				18B3D56C1DFCE01A00AEDC30 /* Base */,
			);
			name = Main.storyboard;
			sourceTree = "<group>";
		};
		18B3D5701DFCE01A00AEDC30 /* LaunchScreen.storyboard */ = {
			isa = PBXVariantGroup;
			children = (
				18B3D5711DFCE01A00AEDC30 /* Base */,
			);
			name = LaunchScreen.storyboard;
			sourceTree = "<group>";
		};
/* End PBXVariantGroup section */

/* Begin XCBuildConfiguration section */
		18B3D5741DFCE01A00AEDC30 /* Debug */ = {
			isa = XCBuildConfiguration;
			buildSettings = {
				ALWAYS_SEARCH_USER_PATHS = NO;
				CLANG_ANALYZER_NONNULL = YES;
				CLANG_CXX_LANGUAGE_STANDARD = "gnu++0x";
				CLANG_CXX_LIBRARY = "libc++";
				CLANG_ENABLE_MODULES = YES;
				CLANG_ENABLE_OBJC_ARC = YES;
				CLANG_WARN_BOOL_CONVERSION = YES;
				CLANG_WARN_CONSTANT_CONVERSION = YES;
				CLANG_WARN_DIRECT_OBJC_ISA_USAGE = YES_ERROR;
				CLANG_WARN_DOCUMENTATION_COMMENTS = YES;
				CLANG_WARN_EMPTY_BODY = YES;
				CLANG_WARN_ENUM_CONVERSION = YES;
				CLANG_WARN_INFINITE_RECURSION = YES;
				CLANG_WARN_INT_CONVERSION = YES;
				CLANG_WARN_OBJC_ROOT_CLASS = YES_ERROR;
				CLANG_WARN_SUSPICIOUS_MOVES = YES;
				CLANG_WARN_UNREACHABLE_CODE = YES;
				CLANG_WARN__DUPLICATE_METHOD_MATCH = YES;
				"CODE_SIGN_IDENTITY[sdk=iphoneos*]" = "iPhone Developer";
				COPY_PHASE_STRIP = NO;
				DEBUG_INFORMATION_FORMAT = dwarf;
				ENABLE_STRICT_OBJC_MSGSEND = YES;
				ENABLE_TESTABILITY = YES;
				GCC_C_LANGUAGE_STANDARD = gnu99;
				GCC_DYNAMIC_NO_PIC = NO;
				GCC_NO_COMMON_BLOCKS = YES;
				GCC_OPTIMIZATION_LEVEL = 0;
				GCC_PREPROCESSOR_DEFINITIONS = (
					"DEBUG=1",
					"$(inherited)",
				);
				GCC_WARN_64_TO_32_BIT_CONVERSION = YES;
				GCC_WARN_ABOUT_RETURN_TYPE = YES_ERROR;
				GCC_WARN_UNDECLARED_SELECTOR = YES;
				GCC_WARN_UNINITIALIZED_AUTOS = YES_AGGRESSIVE;
				GCC_WARN_UNUSED_FUNCTION = YES;
				GCC_WARN_UNUSED_VARIABLE = YES;
				IPHONEOS_DEPLOYMENT_TARGET = 10.1;
				MTL_ENABLE_DEBUG_INFO = YES;
				ONLY_ACTIVE_ARCH = YES;
				SDKROOT = iphoneos;
			};
			name = Debug;
		};
		18B3D5751DFCE01A00AEDC30 /* Release */ = {
			isa = XCBuildConfiguration;
			buildSettings = {
				ALWAYS_SEARCH_USER_PATHS = NO;
				CLANG_ANALYZER_NONNULL = YES;
				CLANG_CXX_LANGUAGE_STANDARD = "gnu++0x";
				CLANG_CXX_LIBRARY = "libc++";
				CLANG_ENABLE_MODULES = YES;
				CLANG_ENABLE_OBJC_ARC = YES;
				CLANG_WARN_BOOL_CONVERSION = YES;
				CLANG_WARN_CONSTANT_CONVERSION = YES;
				CLANG_WARN_DIRECT_OBJC_ISA_USAGE = YES_ERROR;
				CLANG_WARN_DOCUMENTATION_COMMENTS = YES;
				CLANG_WARN_EMPTY_BODY = YES;
				CLANG_WARN_ENUM_CONVERSION = YES;
				CLANG_WARN_INFINITE_RECURSION = YES;
				CLANG_WARN_INT_CONVERSION = YES;
				CLANG_WARN_OBJC_ROOT_CLASS = YES_ERROR;
				CLANG_WARN_SUSPICIOUS_MOVES = YES;
				CLANG_WARN_UNREACHABLE_CODE = YES;
				CLANG_WARN__DUPLICATE_METHOD_MATCH = YES;
				"CODE_SIGN_IDENTITY[sdk=iphoneos*]" = "iPhone Developer";
				COPY_PHASE_STRIP = NO;
				DEBUG_INFORMATION_FORMAT = "dwarf-with-dsym";
				ENABLE_NS_ASSERTIONS = NO;
				ENABLE_STRICT_OBJC_MSGSEND = YES;
				GCC_C_LANGUAGE_STANDARD = gnu99;
				GCC_NO_COMMON_BLOCKS = YES;
				GCC_WARN_64_TO_32_BIT_CONVERSION = YES;
				GCC_WARN_ABOUT_RETURN_TYPE = YES_ERROR;
				GCC_WARN_UNDECLARED_SELECTOR = YES;
				GCC_WARN_UNINITIALIZED_AUTOS = YES_AGGRESSIVE;
				GCC_WARN_UNUSED_FUNCTION = YES;
				GCC_WARN_UNUSED_VARIABLE = YES;
				IPHONEOS_DEPLOYMENT_TARGET = 10.1;
				MTL_ENABLE_DEBUG_INFO = NO;
				SDKROOT = iphoneos;
				VALIDATE_PRODUCT = YES;
			};
			name = Release;
		};
		18B3D5771DFCE01A00AEDC30 /* Debug */ = {
			isa = XCBuildConfiguration;
			buildSettings = {
				ASSETCATALOG_COMPILER_APPICON_NAME = AppIcon;
				INFOPLIST_FILE = L02HelloObjC/Info.plist;
				LD_RUNPATH_SEARCH_PATHS = "$(inherited) @executable_path/Frameworks";
				PRODUCT_BUNDLE_IDENTIFIER = com.plters.L02HelloObjC;
				PRODUCT_NAME = "$(TARGET_NAME)";
			};
			name = Debug;
		};
		18B3D5781DFCE01A00AEDC30 /* Release */ = {
			isa = XCBuildConfiguration;
			buildSettings = {
				ASSETCATALOG_COMPILER_APPICON_NAME = AppIcon;
				INFOPLIST_FILE = L02HelloObjC/Info.plist;
				LD_RUNPATH_SEARCH_PATHS = "$(inherited) @executable_path/Frameworks";
				PRODUCT_BUNDLE_IDENTIFIER = com.plters.L02HelloObjC;
				PRODUCT_NAME = "$(TARGET_NAME)";
			};
			name = Release;
		};
/* End XCBuildConfiguration section */

/* Begin XCConfigurationList section */
		18B3D55A1DFCE01900AEDC30 /* Build configuration list for PBXProject "L02HelloObjC" */ = {
			isa = XCConfigurationList;
			buildConfigurations = (
				18B3D5741DFCE01A00AEDC30 /* Debug */,
				18B3D5751DFCE01A00AEDC30 /* Release */,
			);
			defaultConfigurationIsVisible = 0;
			defaultConfigurationName = Release;
		};
		18B3D5761DFCE01A00AEDC30 /* Build configuration list for PBXNativeTarget "L02HelloObjC" */ = {
			isa = XCConfigurationList;
			buildConfigurations = (
				18B3D5771DFCE01A00AEDC30 /* Debug */,
				18B3D5781DFCE01A00AEDC30 /* Release */,
			);
			defaultConfigurationIsVisible = 0;
			defaultConfigurationName = Release;
		};
/* End XCConfigurationList section */
	};
	rootObject = 18B3D5571DFCE01900AEDC30 /* Project object */;
}
