// !$*UTF8*$!
{
	archiveVersion = 1;
	classes = {
	};
	objectVersion = 46;
	objects = {

/* Begin PBXBuildFile section */
		18B3D6471DFCFB8200AEDC30 /* main.m in Sources */ = {isa = PBXBuildFile; fileRef = 18B3D6461DFCFB8200AEDC30 /* main.m */; };
		18B3D64A1DFCFB8200AEDC30 /* AppDelegate.m in Sources */ = {isa = PBXBuildFile; fileRef = 18B3D6491DFCFB8200AEDC30 /* AppDelegate.m */; };
		18B3D64D1DFCFB8200AEDC30 /* ViewController.m in Sources */ = {isa = PBXBuildFile; fileRef = 18B3D64C1DFCFB8200AEDC30 /* ViewController.m */; };
		18B3D6501DFCFB8200AEDC30 /* Main.storyboard in Resources */ = {isa = PBXBuildFile; fileRef = 18B3D64E1DFCFB8200AEDC30 /* Main.storyboard */; };
		18B3D6521DFCFB8200AEDC30 /* Assets.xcassets in Resources */ = {isa = PBXBuildFile; fileRef = 18B3D6511DFCFB8200AEDC30 /* Assets.xcassets */; };
		18B3D6551DFCFB8200AEDC30 /* LaunchScreen.storyboard in Resources */ = {isa = PBXBuildFile; fileRef = 18B3D6531DFCFB8200AEDC30 /* LaunchScreen.storyboard */; };
		18B3D65E1DFCFBBC00AEDC30 /* People.m in Sources */ = {isa = PBXBuildFile; fileRef = 18B3D65D1DFCFBBC00AEDC30 /* People.m */; };
/* End PBXBuildFile section */

/* Begin PBXContainerItemProxy section */
		18B3D6861DFCFDC200AEDC30 /* PBXContainerItemProxy */ = {
			isa = PBXContainerItemProxy;
			containerPortal = 18B3D6821DFCFDC100AEDC30 /* L08FactoryMethod.xcodeproj */;
			proxyType = 2;
			remoteGlobalIDString = 18B3D6681DFCFDC100AEDC30;
			remoteInfo = L08FactoryMethod;
		};
/* End PBXContainerItemProxy section */

/* Begin PBXFileReference section */
		18B3D6421DFCFB8200AEDC30 /* L07SetAndGet.app */ = {isa = PBXFileReference; explicitFileType = wrapper.application; includeInIndex = 0; path = L07SetAndGet.app; sourceTree = BUILT_PRODUCTS_DIR; };
		18B3D6461DFCFB8200AEDC30 /* main.m */ = {isa = PBXFileReference; lastKnownFileType = sourcecode.c.objc; path = main.m; sourceTree = "<group>"; };
		18B3D6481DFCFB8200AEDC30 /* AppDelegate.h */ = {isa = PBXFileReference; lastKnownFileType = sourcecode.c.h; path = AppDelegate.h; sourceTree = "<group>"; };
		18B3D6491DFCFB8200AEDC30 /* AppDelegate.m */ = {isa = PBXFileReference; lastKnownFileType = sourcecode.c.objc; path = AppDelegate.m; sourceTree = "<group>"; };
		18B3D64B1DFCFB8200AEDC30 /* ViewController.h */ = {isa = PBXFileReference; lastKnownFileType = sourcecode.c.h; path = ViewController.h; sourceTree = "<group>"; };
		18B3D64C1DFCFB8200AEDC30 /* ViewController.m */ = {isa = PBXFileReference; lastKnownFileType = sourcecode.c.objc; path = ViewController.m; sourceTree = "<group>"; };
		18B3D64F1DFCFB8200AEDC30 /* Base */ = {isa = PBXFileReference; lastKnownFileType = file.storyboard; name = Base; path = Base.lproj/Main.storyboard; sourceTree = "<group>"; };
		18B3D6511DFCFB8200AEDC30 /* Assets.xcassets */ = {isa = PBXFileReference; lastKnownFileType = folder.assetcatalog; path = Assets.xcassets; sourceTree = "<group>"; };
		18B3D6541DFCFB8200AEDC30 /* Base */ = {isa = PBXFileReference; lastKnownFileType = file.storyboard; name = Base; path = Base.lproj/LaunchScreen.storyboard; sourceTree = "<group>"; };
		18B3D6561DFCFB8200AEDC30 /* Info.plist */ = {isa = PBXFileReference; lastKnownFileType = text.plist.xml; path = Info.plist; sourceTree = "<group>"; };
		18B3D65C1DFCFBBC00AEDC30 /* People.h */ = {isa = PBXFileReference; fileEncoding = 4; lastKnownFileType = sourcecode.c.h; path = People.h; sourceTree = "<group>"; };
		18B3D65D1DFCFBBC00AEDC30 /* People.m */ = {isa = PBXFileReference; fileEncoding = 4; lastKnownFileType = sourcecode.c.objc; path = People.m; sourceTree = "<group>"; };
		18B3D6821DFCFDC100AEDC30 /* L08FactoryMethod.xcodeproj */ = {isa = PBXFileReference; lastKnownFileType = "wrapper.pb-project"; name = L08FactoryMethod.xcodeproj; path = L08FactoryMethod/L08FactoryMethod.xcodeproj; sourceTree = "<group>"; };
/* End PBXFileReference section */

/* Begin PBXFrameworksBuildPhase section */
		18B3D63F1DFCFB8200AEDC30 /* Frameworks */ = {
			isa = PBXFrameworksBuildPhase;
			buildActionMask = 2147483647;
			files = (
			);
			runOnlyForDeploymentPostprocessing = 0;
		};
/* End PBXFrameworksBuildPhase section */

/* Begin PBXGroup section */
		18B3D6391DFCFB8200AEDC30 = {
			isa = PBXGroup;
			children = (
				18B3D6441DFCFB8200AEDC30 /* L07SetAndGet */,
				18B3D6431DFCFB8200AEDC30 /* Products */,
			);
			sourceTree = "<group>";
		};
		18B3D6431DFCFB8200AEDC30 /* Products */ = {
			isa = PBXGroup;
			children = (
				18B3D6421DFCFB8200AEDC30 /* L07SetAndGet.app */,
			);
			name = Products;
			sourceTree = "<group>";
		};
		18B3D6441DFCFB8200AEDC30 /* L07SetAndGet */ = {
			isa = PBXGroup;
			children = (
				18B3D6481DFCFB8200AEDC30 /* AppDelegate.h */,
				18B3D6491DFCFB8200AEDC30 /* AppDelegate.m */,
				18B3D64B1DFCFB8200AEDC30 /* ViewController.h */,
				18B3D64C1DFCFB8200AEDC30 /* ViewController.m */,
				18B3D64E1DFCFB8200AEDC30 /* Main.storyboard */,
				18B3D6511DFCFB8200AEDC30 /* Assets.xcassets */,
				18B3D6531DFCFB8200AEDC30 /* LaunchScreen.storyboard */,
				18B3D6561DFCFB8200AEDC30 /* Info.plist */,
				18B3D6451DFCFB8200AEDC30 /* Supporting Files */,
				18B3D65C1DFCFBBC00AEDC30 /* People.h */,
				18B3D65D1DFCFBBC00AEDC30 /* People.m */,
			);
			path = L07SetAndGet;
			sourceTree = "<group>";
		};
		18B3D6451DFCFB8200AEDC30 /* Supporting Files */ = {
			isa = PBXGroup;
			children = (
				18B3D6821DFCFDC100AEDC30 /* L08FactoryMethod.xcodeproj */,
				18B3D6461DFCFB8200AEDC30 /* main.m */,
			);
			name = "Supporting Files";
			sourceTree = "<group>";
		};
		18B3D6831DFCFDC100AEDC30 /* Products */ = {
			isa = PBXGroup;
			children = (
				18B3D6871DFCFDC200AEDC30 /* L08FactoryMethod.app */,
			);
			name = Products;
			sourceTree = "<group>";
		};
/* End PBXGroup section */

/* Begin PBXNativeTarget section */
		18B3D6411DFCFB8200AEDC30 /* L07SetAndGet */ = {
			isa = PBXNativeTarget;
			buildConfigurationList = 18B3D6591DFCFB8200AEDC30 /* Build configuration list for PBXNativeTarget "L07SetAndGet" */;
			buildPhases = (
				18B3D63E1DFCFB8200AEDC30 /* Sources */,
				18B3D63F1DFCFB8200AEDC30 /* Frameworks */,
				18B3D6401DFCFB8200AEDC30 /* Resources */,
			);
			buildRules = (
			);
			dependencies = (
			);
			name = L07SetAndGet;
			productName = L07SetAndGet;
			productReference = 18B3D6421DFCFB8200AEDC30 /* L07SetAndGet.app */;
			productType = "com.apple.product-type.application";
		};
/* End PBXNativeTarget section */

/* Begin PBXProject section */
		18B3D63A1DFCFB8200AEDC30 /* Project object */ = {
			isa = PBXProject;
			attributes = {
				LastUpgradeCheck = 0810;
				ORGANIZATIONNAME = plters;
				TargetAttributes = {
					18B3D6411DFCFB8200AEDC30 = {
						CreatedOnToolsVersion = 8.1;
						ProvisioningStyle = Automatic;
					};
				};
			};
			buildConfigurationList = 18B3D63D1DFCFB8200AEDC30 /* Build configuration list for PBXProject "L07SetAndGet" */;
			compatibilityVersion = "Xcode 3.2";
			developmentRegion = English;
			hasScannedForEncodings = 0;
			knownRegions = (
				en,
				Base,
			);
			mainGroup = 18B3D6391DFCFB8200AEDC30;
			productRefGroup = 18B3D6431DFCFB8200AEDC30 /* Products */;
			projectDirPath = "";
			projectReferences = (
				{
					ProductGroup = 18B3D6831DFCFDC100AEDC30 /* Products */;
					ProjectRef = 18B3D6821DFCFDC100AEDC30 /* L08FactoryMethod.xcodeproj */;
				},
			);
			projectRoot = "";
			targets = (
				18B3D6411DFCFB8200AEDC30 /* L07SetAndGet */,
			);
		};
/* End PBXProject section */

/* Begin PBXReferenceProxy section */
		18B3D6871DFCFDC200AEDC30 /* L08FactoryMethod.app */ = {
			isa = PBXReferenceProxy;
			fileType = wrapper.application;
			path = L08FactoryMethod.app;
			remoteRef = 18B3D6861DFCFDC200AEDC30 /* PBXContainerItemProxy */;
			sourceTree = BUILT_PRODUCTS_DIR;
		};
/* End PBXReferenceProxy section */

/* Begin PBXResourcesBuildPhase section */
		18B3D6401DFCFB8200AEDC30 /* Resources */ = {
			isa = PBXResourcesBuildPhase;
			buildActionMask = 2147483647;
			files = (
				18B3D6551DFCFB8200AEDC30 /* LaunchScreen.storyboard in Resources */,
				18B3D6521DFCFB8200AEDC30 /* Assets.xcassets in Resources */,
				18B3D6501DFCFB8200AEDC30 /* Main.storyboard in Resources */,
			);
			runOnlyForDeploymentPostprocessing = 0;
		};
/* End PBXResourcesBuildPhase section */

/* Begin PBXSourcesBuildPhase section */
		18B3D63E1DFCFB8200AEDC30 /* Sources */ = {
			isa = PBXSourcesBuildPhase;
			buildActionMask = 2147483647;
			files = (
				18B3D65E1DFCFBBC00AEDC30 /* People.m in Sources */,
				18B3D64D1DFCFB8200AEDC30 /* ViewController.m in Sources */,
				18B3D64A1DFCFB8200AEDC30 /* AppDelegate.m in Sources */,
				18B3D6471DFCFB8200AEDC30 /* main.m in Sources */,
			);
			runOnlyForDeploymentPostprocessing = 0;
		};
/* End PBXSourcesBuildPhase section */

/* Begin PBXVariantGroup section */
		18B3D64E1DFCFB8200AEDC30 /* Main.storyboard */ = {
			isa = PBXVariantGroup;
			children = (
				18B3D64F1DFCFB8200AEDC30 /* Base */,
			);
			name = Main.storyboard;
			sourceTree = "<group>";
		};
		18B3D6531DFCFB8200AEDC30 /* LaunchScreen.storyboard */ = {
			isa = PBXVariantGroup;
			children = (
				18B3D6541DFCFB8200AEDC30 /* Base */,
			);
			name = LaunchScreen.storyboard;
			sourceTree = "<group>";
		};
/* End PBXVariantGroup section */

/* Begin XCBuildConfiguration section */
		18B3D6571DFCFB8200AEDC30 /* Debug */ = {
			isa = XCBuildConfiguration;
			buildSettings = {
				ALWAYS_SEARCH_USER_PATHS = NO;
				CLANG_ANALYZER_NONNULL = YES;
				CLANG_CXX_LANGUAGE_STANDARD = "gnu++0x";
				CLANG_CXX_LIBRARY = "libc++";
				CLANG_ENABLE_MODULES = YES;
				CLANG_ENABLE_OBJC_ARC = YES;
				CLANG_WARN_BOOL_CONVERSION = YES;
				CLANG_WARN_CONSTANT_CONVERSION = YES;
				CLANG_WARN_DIRECT_OBJC_ISA_USAGE = YES_ERROR;
				CLANG_WARN_DOCUMENTATION_COMMENTS = YES;
				CLANG_WARN_EMPTY_BODY = YES;
				CLANG_WARN_ENUM_CONVERSION = YES;
				CLANG_WARN_INFINITE_RECURSION = YES;
				CLANG_WARN_INT_CONVERSION = YES;
				CLANG_WARN_OBJC_ROOT_CLASS = YES_ERROR;
				CLANG_WARN_SUSPICIOUS_MOVES = YES;
				CLANG_WARN_UNREACHABLE_CODE = YES;
				CLANG_WARN__DUPLICATE_METHOD_MATCH = YES;
				"CODE_SIGN_IDENTITY[sdk=iphoneos*]" = "iPhone Developer";
				COPY_PHASE_STRIP = NO;
				DEBUG_INFORMATION_FORMAT = dwarf;
				ENABLE_STRICT_OBJC_MSGSEND = YES;
				ENABLE_TESTABILITY = YES;
				GCC_C_LANGUAGE_STANDARD = gnu99;
				GCC_DYNAMIC_NO_PIC = NO;
				GCC_NO_COMMON_BLOCKS = YES;
				GCC_OPTIMIZATION_LEVEL = 0;
				GCC_PREPROCESSOR_DEFINITIONS = (
					"DEBUG=1",
					"$(inherited)",
				);
				GCC_WARN_64_TO_32_BIT_CONVERSION = YES;
				GCC_WARN_ABOUT_RETURN_TYPE = YES_ERROR;
				GCC_WARN_UNDECLARED_SELECTOR = YES;
				GCC_WARN_UNINITIALIZED_AUTOS = YES_AGGRESSIVE;
				GCC_WARN_UNUSED_FUNCTION = YES;
				GCC_WARN_UNUSED_VARIABLE = YES;
				IPHONEOS_DEPLOYMENT_TARGET = 10.1;
				MTL_ENABLE_DEBUG_INFO = YES;
				ONLY_ACTIVE_ARCH = YES;
				SDKROOT = iphoneos;
			};
			name = Debug;
		};
		18B3D6581DFCFB8200AEDC30 /* Release */ = {
			isa = XCBuildConfiguration;
			buildSettings = {
				ALWAYS_SEARCH_USER_PATHS = NO;
				CLANG_ANALYZER_NONNULL = YES;
				CLANG_CXX_LANGUAGE_STANDARD = "gnu++0x";
				CLANG_CXX_LIBRARY = "libc++";
				CLANG_ENABLE_MODULES = YES;
				CLANG_ENABLE_OBJC_ARC = YES;
				CLANG_WARN_BOOL_CONVERSION = YES;
				CLANG_WARN_CONSTANT_CONVERSION = YES;
				CLANG_WARN_DIRECT_OBJC_ISA_USAGE = YES_ERROR;
				CLANG_WARN_DOCUMENTATION_COMMENTS = YES;
				CLANG_WARN_EMPTY_BODY = YES;
				CLANG_WARN_ENUM_CONVERSION = YES;
				CLANG_WARN_INFINITE_RECURSION = YES;
				CLANG_WARN_INT_CONVERSION = YES;
				CLANG_WARN_OBJC_ROOT_CLASS = YES_ERROR;
				CLANG_WARN_SUSPICIOUS_MOVES = YES;
				CLANG_WARN_UNREACHABLE_CODE = YES;
				CLANG_WARN__DUPLICATE_METHOD_MATCH = YES;
				"CODE_SIGN_IDENTITY[sdk=iphoneos*]" = "iPhone Developer";
				COPY_PHASE_STRIP = NO;
				DEBUG_INFORMATION_FORMAT = "dwarf-with-dsym";
				ENABLE_NS_ASSERTIONS = NO;
				ENABLE_STRICT_OBJC_MSGSEND = YES;
				GCC_C_LANGUAGE_STANDARD = gnu99;
				GCC_NO_COMMON_BLOCKS = YES;
				GCC_WARN_64_TO_32_BIT_CONVERSION = YES;
				GCC_WARN_ABOUT_RETURN_TYPE = YES_ERROR;
				GCC_WARN_UNDECLARED_SELECTOR = YES;
				GCC_WARN_UNINITIALIZED_AUTOS = YES_AGGRESSIVE;
				GCC_WARN_UNUSED_FUNCTION = YES;
				GCC_WARN_UNUSED_VARIABLE = YES;
				IPHONEOS_DEPLOYMENT_TARGET = 10.1;
				MTL_ENABLE_DEBUG_INFO = NO;
				SDKROOT = iphoneos;
				VALIDATE_PRODUCT = YES;
			};
			name = Release;
		};
		18B3D65A1DFCFB8200AEDC30 /* Debug */ = {
			isa = XCBuildConfiguration;
			buildSettings = {
				ASSETCATALOG_COMPILER_APPICON_NAME = AppIcon;
				INFOPLIST_FILE = L07SetAndGet/Info.plist;
				LD_RUNPATH_SEARCH_PATHS = "$(inherited) @executable_path/Frameworks";
				PRODUCT_BUNDLE_IDENTIFIER = com.plters.L07SetAndGet;
				PRODUCT_NAME = "$(TARGET_NAME)";
			};
			name = Debug;
		};
		18B3D65B1DFCFB8200AEDC30 /* Release */ = {
			isa = XCBuildConfiguration;
			buildSettings = {
				ASSETCATALOG_COMPILER_APPICON_NAME = AppIcon;
				INFOPLIST_FILE = L07SetAndGet/Info.plist;
				LD_RUNPATH_SEARCH_PATHS = "$(inherited) @executable_path/Frameworks";
				PRODUCT_BUNDLE_IDENTIFIER = com.plters.L07SetAndGet;
				PRODUCT_NAME = "$(TARGET_NAME)";
			};
			name = Release;
		};
/* End XCBuildConfiguration section */

/* Begin XCConfigurationList section */
		18B3D63D1DFCFB8200AEDC30 /* Build configuration list for PBXProject "L07SetAndGet" */ = {
			isa = XCConfigurationList;
			buildConfigurations = (
				18B3D6571DFCFB8200AEDC30 /* Debug */,
				18B3D6581DFCFB8200AEDC30 /* Release */,
			);
			defaultConfigurationIsVisible = 0;
			defaultConfigurationName = Release;
		};
		18B3D6591DFCFB8200AEDC30 /* Build configuration list for PBXNativeTarget "L07SetAndGet" */ = {
			isa = XCConfigurationList;
			buildConfigurations = (
				18B3D65A1DFCFB8200AEDC30 /* Debug */,
				18B3D65B1DFCFB8200AEDC30 /* Release */,
			);
			defaultConfigurationIsVisible = 0;
		};
/* End XCConfigurationList section */
	};
	rootObject = 18B3D63A1DFCFB8200AEDC30 /* Project object */;
}
